// !$*UTF8*$!
{
	archiveVersion = 1;
	classes = {
	};
	objectVersion = 56;
	objects = {

/* Begin PBXBuildFile section */
		D362E2B929F3B95B00329E64 /* AppDelegate.swift in Sources */ = {isa = PBXBuildFile; fileRef = D362E2B829F3B95B00329E64 /* AppDelegate.swift */; };
		D362E2BB29F3B95B00329E64 /* SceneDelegate.swift in Sources */ = {isa = PBXBuildFile; fileRef = D362E2BA29F3B95B00329E64 /* SceneDelegate.swift */; };
		D362E2BD29F3B95B00329E64 /* FirstVC.swift in Sources */ = {isa = PBXBuildFile; fileRef = D362E2BC29F3B95B00329E64 /* FirstVC.swift */; };
		D362E2C029F3B95B00329E64 /* Main.storyboard in Resources */ = {isa = PBXBuildFile; fileRef = D362E2BE29F3B95B00329E64 /* Main.storyboard */; };
		D3F8B4F529F3FA6400A5116E /* SecondVC.swift in Sources */ = {isa = PBXBuildFile; fileRef = D3F8B4F429F3FA6400A5116E /* SecondVC.swift */; };
		D3F8B4F729F3FA6C00A5116E /* SecondVC.storyboard in Resources */ = {isa = PBXBuildFile; fileRef = D3F8B4F629F3FA6C00A5116E /* SecondVC.storyboard */; };
		D3F8B4F929F3FABE00A5116E /* ThirdVC.swift in Sources */ = {isa = PBXBuildFile; fileRef = D3F8B4F829F3FABE00A5116E /* ThirdVC.swift */; };
		D3F8B4FB29F3FAC700A5116E /* ThirdVC.storyboard in Resources */ = {isa = PBXBuildFile; fileRef = D3F8B4FA29F3FAC700A5116E /* ThirdVC.storyboard */; };
/* End PBXBuildFile section */

/* Begin PBXFileReference section */
		D362E2B529F3B95B00329E64 /* UIKit-NavigationTutorial.app */ = {isa = PBXFileReference; explicitFileType = wrapper.application; includeInIndex = 0; path = "UIKit-NavigationTutorial.app"; sourceTree = BUILT_PRODUCTS_DIR; };
		D362E2B829F3B95B00329E64 /* AppDelegate.swift */ = {isa = PBXFileReference; lastKnownFileType = sourcecode.swift; path = AppDelegate.swift; sourceTree = "<group>"; };
		D362E2BA29F3B95B00329E64 /* SceneDelegate.swift */ = {isa = PBXFileReference; lastKnownFileType = sourcecode.swift; path = SceneDelegate.swift; sourceTree = "<group>"; };
		D362E2BC29F3B95B00329E64 /* FirstVC.swift */ = {isa = PBXFileReference; lastKnownFileType = sourcecode.swift; path = FirstVC.swift; sourceTree = "<group>"; };
		D362E2BF29F3B95B00329E64 /* Base */ = {isa = PBXFileReference; lastKnownFileType = file.storyboard; name = Base; path = Base.lproj/Main.storyboard; sourceTree = "<group>"; };
		D3F8B4F429F3FA6400A5116E /* SecondVC.swift */ = {isa = PBXFileReference; lastKnownFileType = sourcecode.swift; name = SecondVC.swift; path = ../SecondVC.swift; sourceTree = "<group>"; };
		D3F8B4F629F3FA6C00A5116E /* SecondVC.storyboard */ = {isa = PBXFileReference; lastKnownFileType = file.storyboard; path = SecondVC.storyboard; sourceTree = "<group>"; };
		D3F8B4F829F3FABE00A5116E /* ThirdVC.swift */ = {isa = PBXFileReference; lastKnownFileType = sourcecode.swift; name = ThirdVC.swift; path = ../ThirdVC.swift; sourceTree = "<group>"; };
		D3F8B4FA29F3FAC700A5116E /* ThirdVC.storyboard */ = {isa = PBXFileReference; lastKnownFileType = file.storyboard; path = ThirdVC.storyboard; sourceTree = "<group>"; };
/* End PBXFileReference section */

/* Begin PBXFrameworksBuildPhase section */
		D362E2B229F3B95B00329E64 /* Frameworks */ = {
			isa = PBXFrameworksBuildPhase;
			buildActionMask = 2147483647;
			files = (
			);
			runOnlyForDeploymentPostprocessing = 0;
		};
/* End PBXFrameworksBuildPhase section */

/* Begin PBXGroup section */
		D362E2AC29F3B95B00329E64 = {
			isa = PBXGroup;
			children = (
				D362E2B729F3B95B00329E64 /* UIKit-NavigationTutorial */,
				D362E2B629F3B95B00329E64 /* Products */,
			);
			sourceTree = "<group>";
		};
		D362E2B629F3B95B00329E64 /* Products */ = {
			isa = PBXGroup;
			children = (
				D362E2B529F3B95B00329E64 /* UIKit-NavigationTutorial.app */,
			);
			name = Products;
			sourceTree = "<group>";
		};
		D362E2B729F3B95B00329E64 /* UIKit-NavigationTutorial */ = {
			isa = PBXGroup;
			children = (
				D362E2B829F3B95B00329E64 /* AppDelegate.swift */,
				D362E2BA29F3B95B00329E64 /* SceneDelegate.swift */,
				D362E2BC29F3B95B00329E64 /* FirstVC.swift */,
				D362E2BE29F3B95B00329E64 /* Main.storyboard */,
				D3F8B4F629F3FA6C00A5116E /* SecondVC.storyboard */,
				D3F8B4F429F3FA6400A5116E /* SecondVC.swift */,
				D3F8B4FA29F3FAC700A5116E /* ThirdVC.storyboard */,
				D3F8B4F829F3FABE00A5116E /* ThirdVC.swift */,
			);
			path = "UIKit-NavigationTutorial";
			sourceTree = "<group>";
		};
/* End PBXGroup section */

/* Begin PBXNativeTarget section */
		D362E2B429F3B95B00329E64 /* UIKit-NavigationTutorial */ = {
			isa = PBXNativeTarget;
			buildConfigurationList = D362E2C929F3B95D00329E64 /* Build configuration list for PBXNativeTarget "UIKit-NavigationTutorial" */;
			buildPhases = (
				D362E2B129F3B95B00329E64 /* Sources */,
				D362E2B229F3B95B00329E64 /* Frameworks */,
				D362E2B329F3B95B00329E64 /* Resources */,
			);
			buildRules = (
			);
			dependencies = (
			);
			name = "UIKit-NavigationTutorial";
			productName = "UIKit-NavigationTutorial";
			productReference = D362E2B529F3B95B00329E64 /* UIKit-NavigationTutorial.app */;
			productType = "com.apple.product-type.application";
		};
/* End PBXNativeTarget section */

/* Begin PBXProject section */
		D362E2AD29F3B95B00329E64 /* Project object */ = {
			isa = PBXProject;
			attributes = {
				BuildIndependentTargetsInParallel = 1;
				LastSwiftUpdateCheck = 1410;
				LastUpgradeCheck = 1410;
				TargetAttributes = {
					D362E2B429F3B95B00329E64 = {
						CreatedOnToolsVersion = 14.1;
					};
				};
			};
			buildConfigurationList = D362E2B029F3B95B00329E64 /* Build configuration list for PBXProject "UIKit-NavigationTutorial" */;
			compatibilityVersion = "Xcode 14.0";
			developmentRegion = en;
			hasScannedForEncodings = 0;
			knownRegions = (
				en,
				Base,
			);
			mainGroup = D362E2AC29F3B95B00329E64;
			productRefGroup = D362E2B629F3B95B00329E64 /* Products */;
			projectDirPath = "";
			projectRoot = "";
			targets = (
				D362E2B429F3B95B00329E64 /* UIKit-NavigationTutorial */,
			);
		};
/* End PBXProject section */

/* Begin PBXResourcesBuildPhase section */
		D362E2B329F3B95B00329E64 /* Resources */ = {
			isa = PBXResourcesBuildPhase;
			buildActionMask = 2147483647;
			files = (
				D3F8B4FB29F3FAC700A5116E /* ThirdVC.storyboard in Resources */,
				D362E2C029F3B95B00329E64 /* Main.storyboard in Resources */,
				D3F8B4F729F3FA6C00A5116E /* SecondVC.storyboard in Resources */,
			);
			runOnlyForDeploymentPostprocessing = 0;
		};
/* End PBXResourcesBuildPhase section */

/* Begin PBXSourcesBuildPhase section */
		D362E2B129F3B95B00329E64 /* Sources */ = {
			isa = PBXSourcesBuildPhase;
			buildActionMask = 2147483647;
			files = (
				D362E2BD29F3B95B00329E64 /* FirstVC.swift in Sources */,
				D362E2B929F3B95B00329E64 /* AppDelegate.swift in Sources */,
				D3F8B4F529F3FA6400A5116E /* SecondVC.swift in Sources */,
				D362E2BB29F3B95B00329E64 /* SceneDelegate.swift in Sources */,
				D3F8B4F929F3FABE00A5116E /* ThirdVC.swift in Sources */,
			);
			runOnlyForDeploymentPostprocessing = 0;
		};
/* End PBXSourcesBuildPhase section */

/* Begin PBXVariantGroup section */
		D362E2BE29F3B95B00329E64 /* Main.storyboard */ = {
			isa = PBXVariantGroup;
			children = (
				D362E2BF29F3B95B00329E64 /* Base */,
			);
			name = Main.storyboard;
			sourceTree = "<group>";
		};
/* End PBXVariantGroup section */

/* Begin XCBuildConfiguration section */
		D362E2C729F3B95D00329E64 /* Debug */ = {
			isa = XCBuildConfiguration;
			buildSettings = {
				ALWAYS_SEARCH_USER_PATHS = NO;
				CLANG_ANALYZER_NONNULL = YES;
				CLANG_ANALYZER_NUMBER_OBJECT_CONVERSION = YES_AGGRESSIVE;
				CLANG_CXX_LANGUAGE_STANDARD = "gnu++20";
				CLANG_ENABLE_MODULES = YES;
				CLANG_ENABLE_OBJC_ARC = YES;
				CLANG_ENABLE_OBJC_WEAK = YES;
				CLANG_WARN_BLOCK_CAPTURE_AUTORELEASING = YES;
				CLANG_WARN_BOOL_CONVERSION = YES;
				CLANG_WARN_COMMA = YES;
				CLANG_WARN_CONSTANT_CONVERSION = YES;
				CLANG_WARN_DEPRECATED_OBJC_IMPLEMENTATIONS = YES;
				CLANG_WARN_DIRECT_OBJC_ISA_USAGE = YES_ERROR;
				CLANG_WARN_DOCUMENTATION_COMMENTS = YES;
				CLANG_WARN_EMPTY_BODY = YES;
				CLANG_WARN_ENUM_CONVERSION = YES;
				CLANG_WARN_INFINITE_RECURSION = YES;
				CLANG_WARN_INT_CONVERSION = YES;
				CLANG_WARN_NON_LITERAL_NULL_CONVERSION = YES;
				CLANG_WARN_OBJC_IMPLICIT_RETAIN_SELF = YES;
				CLANG_WARN_OBJC_LITERAL_CONVERSION = YES;
				CLANG_WARN_OBJC_ROOT_CLASS = YES_ERROR;
				CLANG_WARN_QUOTED_INCLUDE_IN_FRAMEWORK_HEADER = YES;
				CLANG_WARN_RANGE_LOOP_ANALYSIS = YES;
				CLANG_WARN_STRICT_PROTOTYPES = YES;
				CLANG_WARN_SUSPICIOUS_MOVE = YES;
				CLANG_WARN_UNGUARDED_AVAILABILITY = YES_AGGRESSIVE;
				CLANG_WARN_UNREACHABLE_CODE = YES;
				CLANG_WARN__DUPLICATE_METHOD_MATCH = YES;
				COPY_PHASE_STRIP = NO;
				DEBUG_INFORMATION_FORMAT = dwarf;
				ENABLE_STRICT_OBJC_MSGSEND = YES;
				ENABLE_TESTABILITY = YES;
				GCC_C_LANGUAGE_STANDARD = gnu11;
				GCC_DYNAMIC_NO_PIC = NO;
				GCC_NO_COMMON_BLOCKS = YES;
				GCC_OPTIMIZATION_LEVEL = 0;
				GCC_PREPROCESSOR_DEFINITIONS = (
					"DEBUG=1",
					"$(inherited)",
				);
				GCC_WARN_64_TO_32_BIT_CONVERSION = YES;
				GCC_WARN_ABOUT_RETURN_TYPE = YES_ERROR;
				GCC_WARN_UNDECLARED_SELECTOR = YES;
				GCC_WARN_UNINITIALIZED_AUTOS = YES_AGGRESSIVE;
				GCC_WARN_UNUSED_FUNCTION = YES;
				GCC_WARN_UNUSED_VARIABLE = YES;
				IPHONEOS_DEPLOYMENT_TARGET = 16.1;
				MTL_ENABLE_DEBUG_INFO = INCLUDE_SOURCE;
				MTL_FAST_MATH = YES;
				ONLY_ACTIVE_ARCH = YES;
				SDKROOT = iphoneos;
				SWIFT_ACTIVE_COMPILATION_CONDITIONS = DEBUG;
				SWIFT_OPTIMIZATION_LEVEL = "-Onone";
			};
			name = Debug;
		};
		D362E2C829F3B95D00329E64 /* Release */ = {
			isa = XCBuildConfiguration;
			buildSettings = {
				ALWAYS_SEARCH_USER_PATHS = NO;
				CLANG_ANALYZER_NONNULL = YES;
				CLANG_ANALYZER_NUMBER_OBJECT_CONVERSION = YES_AGGRESSIVE;
				CLANG_CXX_LANGUAGE_STANDARD = "gnu++20";
				CLANG_ENABLE_MODULES = YES;
				CLANG_ENABLE_OBJC_ARC = YES;
				CLANG_ENABLE_OBJC_WEAK = YES;
				CLANG_WARN_BLOCK_CAPTURE_AUTORELEASING = YES;
				CLANG_WARN_BOOL_CONVERSION = YES;
				CLANG_WARN_COMMA = YES;
				CLANG_WARN_CONSTANT_CONVERSION = YES;
				CLANG_WARN_DEPRECATED_OBJC_IMPLEMENTATIONS = YES;
				CLANG_WARN_DIRECT_OBJC_ISA_USAGE = YES_ERROR;
				CLANG_WARN_DOCUMENTATION_COMMENTS = YES;
				CLANG_WARN_EMPTY_BODY = YES;
				CLANG_WARN_ENUM_CONVERSION = YES;
				CLANG_WARN_INFINITE_RECURSION = YES;
				CLANG_WARN_INT_CONVERSION = YES;
				CLANG_WARN_NON_LITERAL_NULL_CONVERSION = YES;
				CLANG_WARN_OBJC_IMPLICIT_RETAIN_SELF = YES;
				CLANG_WARN_OBJC_LITERAL_CONVERSION = YES;
				CLANG_WARN_OBJC_ROOT_CLASS = YES_ERROR;
				CLANG_WARN_QUOTED_INCLUDE_IN_FRAMEWORK_HEADER = YES;
				CLANG_WARN_RANGE_LOOP_ANALYSIS = YES;
				CLANG_WARN_STRICT_PROTOTYPES = YES;
				CLANG_WARN_SUSPICIOUS_MOVE = YES;
				CLANG_WARN_UNGUARDED_AVAILABILITY = YES_AGGRESSIVE;
				CLANG_WARN_UNREACHABLE_CODE = YES;
				CLANG_WARN__DUPLICATE_METHOD_MATCH = YES;
				COPY_PHASE_STRIP = NO;
				DEBUG_INFORMATION_FORMAT = "dwarf-with-dsym";
				ENABLE_NS_ASSERTIONS = NO;
				ENABLE_STRICT_OBJC_MSGSEND = YES;
				GCC_C_LANGUAGE_STANDARD = gnu11;
				GCC_NO_COMMON_BLOCKS = YES;
				GCC_WARN_64_TO_32_BIT_CONVERSION = YES;
				GCC_WARN_ABOUT_RETURN_TYPE = YES_ERROR;
				GCC_WARN_UNDECLARED_SELECTOR = YES;
				GCC_WARN_UNINITIALIZED_AUTOS = YES_AGGRESSIVE;
				GCC_WARN_UNUSED_FUNCTION = YES;
				GCC_WARN_UNUSED_VARIABLE = YES;
				IPHONEOS_DEPLOYMENT_TARGET = 16.1;
				MTL_ENABLE_DEBUG_INFO = NO;
				MTL_FAST_MATH = YES;
				SDKROOT = iphoneos;
				SWIFT_COMPILATION_MODE = wholemodule;
				SWIFT_OPTIMIZATION_LEVEL = "-O";
				VALIDATE_PRODUCT = YES;
			};
			name = Release;
		};
		D362E2CA29F3B95D00329E64 /* Debug */ = {
			isa = XCBuildConfiguration;
			buildSettings = {
				ASSETCATALOG_COMPILER_APPICON_NAME = AppIcon;
				ASSETCATALOG_COMPILER_GLOBAL_ACCENT_COLOR_NAME = AccentColor;
				CODE_SIGN_STYLE = Automatic;
				CURRENT_PROJECT_VERSION = 1;
				GENERATE_INFOPLIST_FILE = YES;
				INFOPLIST_FILE = "UIKit-NavigationTutorial/Info.plist";
				INFOPLIST_KEY_UIApplicationSupportsIndirectInputEvents = YES;
				INFOPLIST_KEY_UILaunchStoryboardName = LaunchScreen;
				INFOPLIST_KEY_UIMainStoryboardFile = Main;
				INFOPLIST_KEY_UISupportedInterfaceOrientations_iPad = "UIInterfaceOrientationPortrait UIInterfaceOrientationPortraitUpsideDown UIInterfaceOrientationLandscapeLeft UIInterfaceOrientationLandscapeRight";
				INFOPLIST_KEY_UISupportedInterfaceOrientations_iPhone = "UIInterfaceOrientationPortrait UIInterfaceOrientationLandscapeLeft UIInterfaceOrientationLandscapeRight";
				LD_RUNPATH_SEARCH_PATHS = (
					"$(inherited)",
					"@executable_path/Frameworks",
				);
				MARKETING_VERSION = 1.0;
				PRODUCT_BUNDLE_IDENTIFIER = "com.haru.UIKit-NavigationTutorial";
				PRODUCT_NAME = "$(TARGET_NAME)";
				SWIFT_EMIT_LOC_STRINGS = YES;
				SWIFT_VERSION = 5.0;
				TARGETED_DEVICE_FAMILY = "1,2";
			};
			name = Debug;
		};
		D362E2CB29F3B95D00329E64 /* Release */ = {
			isa = XCBuildConfiguration;
			buildSettings = {
				ASSETCATALOG_COMPILER_APPICON_NAME = AppIcon;
				ASSETCATALOG_COMPILER_GLOBAL_ACCENT_COLOR_NAME = AccentColor;
				CODE_SIGN_STYLE = Automatic;
				CURRENT_PROJECT_VERSION = 1;
				GENERATE_INFOPLIST_FILE = YES;
				INFOPLIST_FILE = "UIKit-NavigationTutorial/Info.plist";
				INFOPLIST_KEY_UIApplicationSupportsIndirectInputEvents = YES;
				INFOPLIST_KEY_UILaunchStoryboardName = LaunchScreen;
				INFOPLIST_KEY_UIMainStoryboardFile = Main;
				INFOPLIST_KEY_UISupportedInterfaceOrientations_iPad = "UIInterfaceOrientationPortrait UIInterfaceOrientationPortraitUpsideDown UIInterfaceOrientationLandscapeLeft UIInterfaceOrientationLandscapeRight";
				INFOPLIST_KEY_UISupportedInterfaceOrientations_iPhone = "UIInterfaceOrientationPortrait UIInterfaceOrientationLandscapeLeft UIInterfaceOrientationLandscapeRight";
				LD_RUNPATH_SEARCH_PATHS = (
					"$(inherited)",
					"@executable_path/Frameworks",
				);
				MARKETING_VERSION = 1.0;
				PRODUCT_BUNDLE_IDENTIFIER = "com.haru.UIKit-NavigationTutorial";
				PRODUCT_NAME = "$(TARGET_NAME)";
				SWIFT_EMIT_LOC_STRINGS = YES;
				SWIFT_VERSION = 5.0;
				TARGETED_DEVICE_FAMILY = "1,2";
			};
			name = Release;
		};
/* End XCBuildConfiguration section */

/* Begin XCConfigurationList section */
		D362E2B029F3B95B00329E64 /* Build configuration list for PBXProject "UIKit-NavigationTutorial" */ = {
			isa = XCConfigurationList;
			buildConfigurations = (
				D362E2C729F3B95D00329E64 /* Debug */,
				D362E2C829F3B95D00329E64 /* Release */,
			);
			defaultConfigurationIsVisible = 0;
			defaultConfigurationName = Release;
		};
		D362E2C929F3B95D00329E64 /* Build configuration list for PBXNativeTarget "UIKit-NavigationTutorial" */ = {
			isa = XCConfigurationList;
			buildConfigurations = (
				D362E2CA29F3B95D00329E64 /* Debug */,
				D362E2CB29F3B95D00329E64 /* Release */,
			);
			defaultConfigurationIsVisible = 0;
			defaultConfigurationName = Release;
		};
/* End XCConfigurationList section */
	};
	rootObject = D362E2AD29F3B95B00329E64 /* Project object */;
}
